hash: 7975577f5c1a336c9138765e1e9ea79d6ab2554cea3b5d7b4b1fe7a90ea9aadb
updated: 2016-12-27T21:35:05.532319961+03:00
imports:
- name: github.com/boltdb/bolt
  version: 2e25e3bb4285d41d223bb80b12658a2c9b9bf3e3
- name: github.com/eclipse/paho.mqtt.golang
  version: d4f545eb108a2d19f9b1a735689dbfb719bc21fb
  subpackages:
  - packets
- name: github.com/contactless/wbgo
  version: d0b4b4cc74af8af4be3c77b656c6d6a0317e70a2
  subpackages:
  - testutils
- name: github.com/davecgh/go-spew
  version: 04cdfd42973bb9c8589fd6a731800cf222fde1a9
  subpackages:
  - spew
- name: github.com/DisposaBoy/JsonConfigReader
  version: 33a99fdf1d5ee1f79b5077e9c06f955ad356d5f4
- name: github.com/contactless/go-duktape
  version: e07bb742a6e3b60faba047bab30cd33089a6d983
- name: github.com/pmezard/go-difflib
  version: d8ed2627bdf02c080bf22230dbb337003b7aba2d
  subpackages:
  - difflib
- name: github.com/robfig/cron
  version: 9585fd555638e77bba25f25db5c44b41f264aeb7
- name: github.com/stretchr/objx
  version: 1a9d0bb9f541897e62256577b352fdbc1fb4fd94
- name: github.com/stretchr/testify
  version: 2402e8e7a02fc811447d11f881aa9746cdc57983
  subpackages:
  - assert
  - require
  - suite
- name: golang.org/x/net
  version: 45e771701b814666a7eb299e6c7a57d0b1799e91
  subpackages:
  - websocket
- name: golang.org/x/sys
  version: d75a52659825e75fff6158388dddc6a5b04f9ba5
  subpackages:
  - unix
- name: gopkg.in/fsnotify.v1
  version: 629574ca2a5df945712d3079857300b5e4da0236
testImports: []
