hash: b2f27ab2f447e655e967c81cec65b65a66d652a7cac3829b5d7966186ea9fcfb
updated: 2016-05-17T01:06:25.086746739Z
imports:
- name: github.com/contactless/org.eclipse.paho.mqtt.golang
  version: bc107ec72972f0e7048787415ea061578b5c3f33
  subpackages:
  - packets
- name: github.com/contactless/wbgo
  version: b4f50f05d953975e0dc0401a65c604f8fe98f496
  subpackages:
  - testutils
- name: github.com/DisposaBoy/JsonConfigReader
  version: 33a99fdf1d5ee1f79b5077e9c06f955ad356d5f4
- name: github.com/ivan4th/go-duktape
  version: eaa33641120743ac97315445a0a739c2776182e5
- name: github.com/robfig/cron
  version: 8dc4916d418b9d0b2e23c9c1e68351dc9a1d6573
- name: github.com/stretchr/objx
  version: 1a9d0bb9f541897e62256577b352fdbc1fb4fd94
- name: github.com/stretchr/testify
  version: 6cb3b85ef5a0efef77caef88363ec4d4b5c0976d
  subpackages:
  - assert
  - require
  - suite
- name: golang.org/x/net
  version: 815d315ead425c4365077d904a2331ee9e179820
  subpackages:
  - websocket
- name: golang.org/x/sys
  version: f64b50fbea64174967a8882830d621a18ee1548e
  subpackages:
  - unix
- name: gopkg.in/fsnotify.v1
  version: 30411dbcefb7a1da7e84f75530ad3abe4011b4f8
devImports: []
