hash: 65774ad6ed8ca48b92575ae134ee65d96b5bd1e17a61c26918d6544f2d0cbc2c
updated: 2016-05-11T23:35:03.082302305Z
imports:
- name: github.com/contactless/org.eclipse.paho.mqtt.golang
  version: ab132c5592358c9449a19cd5be42301d2ce55c7e
  subpackages:
  - packets
- name: github.com/contactless/wbgo
  version: ac4458c1a3ad18ec42fc06a8c2608f7a54984e75
  subpackages:
  - testutils
- name: github.com/DisposaBoy/JsonConfigReader
  version: 33a99fdf1d5ee1f79b5077e9c06f955ad356d5f4
- name: github.com/GeertJohan/go.rice
  version: 0f3f5fde32fd1f755632a3d31ba2ec6d449e387b
- name: github.com/ivan4th/go-duktape
  version: eaa33641120743ac97315445a0a739c2776182e5
- name: github.com/robfig/cron
  version: 0f39cf7ebc65a602f45692f9894bd6a193faf8fa
- name: github.com/stretchr/objx
  version: 1a9d0bb9f541897e62256577b352fdbc1fb4fd94
- name: github.com/stretchr/testify
  version: 6cb3b85ef5a0efef77caef88363ec4d4b5c0976d
  subpackages:
  - assert
  - require
  - suite
- name: golang.org/x/net
  version: 96dbb961a39ddccf16860cdd355bfa639c497f23
  subpackages:
  - websocket
- name: golang.org/x/sys
  version: 806cb00533e5af545ce95e84b349404f8e5ff7a8
  subpackages:
  - unix
- name: gopkg.in/fsnotify.v1
  version: 30411dbcefb7a1da7e84f75530ad3abe4011b4f8
devImports: []
