github.com/DisposaBoy/JsonConfigReader v0.0.0-20130112093355-33a99fdf1d5e h1:rv5qJCfIzQhhefHp8MO98hoGRI3mdps2iiGA3o4nm8A=
github.com/DisposaBoy/JsonConfigReader v0.0.0-20130112093355-33a99fdf1d5e/go.mod h1:GCzqZQHydohgVLSIqRKZeTt8IGb1Y4NaFfim3H40uUI=
github.com/alexcesaro/statsd v2.0.0+incompatible h1:HG17k1Qk8V1F4UOoq6tx+IUoAbOcI5PHzzEUGeDD72w=
github.com/alexcesaro/statsd v2.0.0+incompatible/go.mod h1:vNepIbQAiyLe1j480173M6NYYaAsGwEcvuDTU3OCUGY=
github.com/boltdb/bolt v0.0.0-20161223174454-2e25e3bb4285 h1:EROEheZarnka03RF04n/06GDpsqGKUXkUv4kWP4r8aw=
github.com/boltdb/bolt v0.0.0-20161223174454-2e25e3bb4285/go.mod h1:clJnj/oiGkjum5o1McbSZDSLxVThjynRyGBgiAx27Ps=
github.com/contactless/go-duktape v0.0.0-20170126162226-e07bb742a6e3 h1:G51noySWA6KZ1dwTz0PX+6ZGNghzOGdatpvP5c//bjo=
github.com/contactless/go-duktape v0.0.0-20170126162226-e07bb742a6e3/go.mod h1:bJfRqI3QcYW1DIlODSiKKNV7duNgpkR25dJbU8V3AwA=
github.com/contactless/org.eclipse.paho.mqtt.golang v0.0.0-20160512050345-bc107ec72972 h1:itvKwLlIg3MLdjVqhPuYFd0y9RsrQQxSIhZXUeNFtmA=
github.com/contactless/org.eclipse.paho.mqtt.golang v0.0.0-20160512050345-bc107ec72972/go.mod h1:ISd8VT87v5vB6N33PDJrbWYlI0+r46JxZ9+yEDTKThc=
github.com/contactless/wbgo v0.0.0-20190924134428-c1db06fb2658 h1:yNZHMofcRDYRfdf0iI4asFU+xe45uK8RYbth0gXqyx0=
github.com/contactless/wbgo v0.0.0-20190924134428-c1db06fb2658/go.mod h1:IXtZGiuLR8znOx98xMXOJ4BYtKvYWc9PKIX8i0RHhzA=
github.com/davecgh/go-spew v0.0.0-20151105211317-5215b55f46b2 h1:5zdDAMuB3gvbHB1m2BZT9+t9w+xaBmK3ehb7skDXcwM=
github.com/davecgh/go-spew v0.0.0-20151105211317-5215b55f46b2/go.mod h1:J7Y8YcW2NihsgmVo/mv3lAwl/skON4iLHjSsI+c5H38=
github.com/pmezard/go-difflib v0.0.0-20151028094244-d8ed2627bdf0 h1:GD+A8+e+wFkqje55/2fOVnZPkoDIu1VooBWfNrnY8Uo=
github.com/pmezard/go-difflib v0.0.0-20151028094244-d8ed2627bdf0/go.mod h1:iKH77koFhYxTK1pcRnkKkqfTogsbg7gZNVY4sRDYZ/4=
github.com/stretchr/objx v0.0.0-20150928122152-1a9d0bb9f541 h1:nvL7eaZN/Zw5emVOGaOclbLMeFO030UrPtWFTUS0p80=
github.com/stretchr/objx v0.0.0-20150928122152-1a9d0bb9f541/go.mod h1:HFkY916IF+rwdDfMAkV7OtwuqBVzrE8GR6GFx+wExME=
github.com/stretchr/testify v0.0.0-20160504130155-6cb3b85ef5a0 h1:aCHp55cT6UsXkzGy9PoE+pNlDIbLIwcqK35xEnAKWfw=
github.com/stretchr/testify v0.0.0-20160504130155-6cb3b85ef5a0/go.mod h1:a8OnRcib4nhh0OaRAV+Yts87kKdq0PP7pXfy6kDkUVs=
golang.org/x/net v0.0.0-20160515061011-ef00b378c73f h1:gGO6Jnh1pD136wh3xKPJYe5iaollDQYm9LYCYanWD3A=
golang.org/x/net v0.0.0-20160515061011-ef00b378c73f/go.mod h1:mL1N/T3taQHkDXs73rZJwtUhF3w3ftmwwsq0BUmARs4=
golang.org/x/sys v0.0.0-20160516132347-d4feaf1a7e61 h1:5wHhTD6KQrGlPwBCpZ7YPBr3Kw804JHcMfbh6jTqoXA=
golang.org/x/sys v0.0.0-20160516132347-d4feaf1a7e61/go.mod h1:STP8DvDyc/dI5b8T5hshtkjS+E42TnysNCUPdjciGhY=
gopkg.in/fsnotify.v1 v1.3.0 h1:JOfhQrGyc8jb766XEc2vcjohQoQW9pGaFr8b1Kj2az0=
gopkg.in/fsnotify.v1 v1.3.0/go.mod h1:Tz8NjZHkW78fSQdbUxIjBTcgA1z1m8ZHf0WmKUhAMys=
gopkg.in/robfig/cron.v1 v1.2.0 h1:PSJsm0uPEND0Rumxxbo7qNb7bxQUTIWDIdpPS59/tcw=
gopkg.in/robfig/cron.v1 v1.2.0/go.mod h1:3I22DCB+7VAStCIqyArwi2xY9a7IioCiNjrsnCqs+HE=
