github.com/DisposaBoy/JsonConfigReader v0.0.0-20130112093355-33a99fdf1d5e h1:rv5qJCfIzQhhefHp8MO98hoGRI3mdps2iiGA3o4nm8A=
github.com/DisposaBoy/JsonConfigReader v0.0.0-20130112093355-33a99fdf1d5e/go.mod h1:GCzqZQHydohgVLSIqRKZeTt8IGb1Y4NaFfim3H40uUI=
github.com/alexcesaro/statsd v2.0.0+incompatible h1:HG17k1Qk8V1F4UOoq6tx+IUoAbOcI5PHzzEUGeDD72w=
github.com/alexcesaro/statsd v2.0.0+incompatible/go.mod h1:vNepIbQAiyLe1j480173M6NYYaAsGwEcvuDTU3OCUGY=
github.com/boltdb/bolt v0.0.0-20161223174454-2e25e3bb4285 h1:EROEheZarnka03RF04n/06GDpsqGKUXkUv4kWP4r8aw=
github.com/boltdb/bolt v0.0.0-20161223174454-2e25e3bb4285/go.mod h1:clJnj/oiGkjum5o1McbSZDSLxVThjynRyGBgiAx27Ps=
github.com/davecgh/go-spew v1.1.0/go.mod h1:J7Y8YcW2NihsgmVo/mv3lAwl/skON4iLHjSsI+c5H38=
github.com/davecgh/go-spew v1.1.1 h1:vj9j/u1bqnvCEfJOwUhtlOARqs3+rkHYY13jYWTU97c=
github.com/davecgh/go-spew v1.1.1/go.mod h1:J7Y8YcW2NihsgmVo/mv3lAwl/skON4iLHjSsI+c5H38=
github.com/pmezard/go-difflib v1.0.0 h1:4DBwDE0NGyQoBHbLQYPwSUPoCMWR5BEzIk/f1lZbAQM=
github.com/pmezard/go-difflib v1.0.0/go.mod h1:iKH77koFhYxTK1pcRnkKkqfTogsbg7gZNVY4sRDYZ/4=
github.com/stretchr/objx v0.1.0/go.mod h1:HFkY916IF+rwdDfMAkV7OtwuqBVzrE8GR6GFx+wExME=
github.com/stretchr/objx v0.3.0 h1:NGXK3lHquSN08v5vWalVI/L8XU9hdzE/G6xsrze47As=
github.com/stretchr/objx v0.3.0/go.mod h1:qt09Ya8vawLte6SNmTgCsAVtYtaKzEcn8ATUoHMkEqE=
github.com/stretchr/testify v1.3.0/go.mod h1:M5WIy9Dh21IEIfnGCwXGc5bZfKNJtfHm1UVUgZn+9EI=
github.com/stretchr/testify v1.7.0 h1:nwc3DEeHmmLAfoZucVR881uASk0Mfjw8xYJ99tb5CcY=
github.com/stretchr/testify v1.7.0/go.mod h1:6Fq8oRcR53rry900zMqJjRRixrwX3KX962/h/Wwjteg=
github.com/wirenboard/go-duktape v0.0.0-20210723134114-881337fff8cb h1:JV1ktj/QSi3YNRLqGSUnB0CMmr78mvIy+PNzJ4YE3k4=
github.com/wirenboard/go-duktape v0.0.0-20210723134114-881337fff8cb/go.mod h1:RBaIu9caMBuL6Xk32Ty04qAjl/5cVSfEdCQtbWzvMQ0=
github.com/wirenboard/wbgong v0.3.1-0.20220825154231-3bdca08735ac h1:+15axyKGrgWa3S4xXAGL/IsswOiIQnObxCvaflzwzfM=
github.com/wirenboard/wbgong v0.3.1-0.20220825154231-3bdca08735ac/go.mod h1:XJWdTJOE6V6SxjgRXymItB+qTy1f0b3PbF9fC78JcTM=
golang.org/x/sys v0.0.0-20210423082822-04245dca01da h1:b3NXsE2LusjYGGjL5bxEVZZORm/YEFFrWFjR8eFrw/c=
golang.org/x/sys v0.0.0-20210423082822-04245dca01da/go.mod h1:h1NjWce9XRLGQEsW7wpKNCjG9DtNlClVuFLEZdDNbEs=
gopkg.in/alexcesaro/statsd.v2 v2.0.0 h1:FXkZSCZIH17vLCO5sO2UucTHsH9pc+17F6pl3JVCwMc=
gopkg.in/alexcesaro/statsd.v2 v2.0.0/go.mod h1:i0ubccKGzBVNBpdGV5MocxyA/XlLUJzA7SLonnE4drU=
gopkg.in/check.v1 v0.0.0-20161208181325-20d25e280405 h1:yhCVgyC4o1eVCa2tZl7eS0r+SDo693bJlVdllGtEeKM=
gopkg.in/check.v1 v0.0.0-20161208181325-20d25e280405/go.mod h1:Co6ibVJAznAaIkqp8huTwlJQCZ016jof/cbN4VW5Yz0=
gopkg.in/robfig/cron.v1 v1.2.0 h1:PSJsm0uPEND0Rumxxbo7qNb7bxQUTIWDIdpPS59/tcw=
gopkg.in/robfig/cron.v1 v1.2.0/go.mod h1:3I22DCB+7VAStCIqyArwi2xY9a7IioCiNjrsnCqs+HE=
gopkg.in/yaml.v3 v3.0.0-20200313102051-9f266ea9e77c h1:dUUwHk2QECo/6vqA44rthZ8ie2QXMNeKRTHCNY2nXvo=
gopkg.in/yaml.v3 v3.0.0-20200313102051-9f266ea9e77c/go.mod h1:K4uyk7z7BCEPqu6E+C64Yfv1cQ7kz7rIZviUmN+EgEM=
