gom 'code.google.com/p/go.net/websocket'
gom 'code.google.com/p/go-uuid/uuid'
gom 'git.eclipse.org/gitroot/paho/org.eclipse.paho.mqtt.golang.git', :commit => '0d95fb886332902c477408b4b554667f65d01605'
gom 'github.com/GeertJohan/go.rice', :commit => 'b4a18af231435326dd7995d2dd0f3ee31b81f212'
gom 'github.com/contactless/wbgo', :commit => '7f5435d7aeee2681604b2acfed6c1f2bff3ed502'
gom 'github.com/daaku/go.zipexe', :commit => '4de5c18ca1fc5294fee64721094ca90c46d26405'
gom 'github.com/ivan4th/go-duktape', :commit => 'eaa33641120743ac97315445a0a739c2776182e5'
gom 'github.com/kardianos/osext', :commit => 'ccfcd0245381f0c94c68f50626665eed3c6b726a'
gom 'github.com/stretchr/objx', :commit => 'cbeaeb16a013161a98496fad62933b1d21786672'
gom 'github.com/stretchr/testify', :commit => 'e4ec8152c15fc46bd5056ce65997a07c7d415325'
gom 'github.com/robfig/cron', :commit => '67823cd24dece1b04cced3a0a0b3ca2bc84d875e'
gom 'gopkg.in/fsnotify.v1', :commit => '96c060f6a6b7e0d6f75fddd10efeaca3e5d1bcb0'
