gom 'code.google.com/p/go.net/websocket'
gom 'git.eclipse.org/gitroot/paho/org.eclipse.paho.mqtt.golang.git', :commit => '3e58ec10bf2da9ef3fc639d12a0eb2e3596c2df7'
gom 'github.com/GeertJohan/go.rice', :commit => 'b4a18af231435326dd7995d2dd0f3ee31b81f212'
gom 'github.com/contactless/wbgo', :commit => '9950498f228727496168602949178e91a03f0419'
gom 'github.com/daaku/go.zipexe', :commit => '4de5c18ca1fc5294fee64721094ca90c46d26405'
gom 'github.com/ivan4th/go-duktape', :commit => '515abae56abe684c912ab279f93d2c5dc3926795'
gom 'github.com/kardianos/osext', :commit => 'ccfcd0245381f0c94c68f50626665eed3c6b726a'
gom 'github.com/stretchr/objx', :commit => 'cbeaeb16a013161a98496fad62933b1d21786672'
gom 'github.com/stretchr/testify', :commit => 'e4ec8152c15fc46bd5056ce65997a07c7d415325'
gom 'github.com/robfig/cron', :commit => '67823cd24dece1b04cced3a0a0b3ca2bc84d875e'
